
Microsoft Visual Studio Solution File, Format Version 12.00
# Visual Studio Version 16
VisualStudioVersion = 16.0.31410.357
MinimumVisualStudioVersion = 10.0.40219.1
Project("{FAE04EC0-301F-11D3-BF4B-00C04F79EFBC}") = "Exercise_CRUD", "Exercise_CRUD\Exercise_CRUD.csproj", "{61ECA3BB-3C9F-452F-A3EC-77F4421760A0}"
EndProject
Global
	GlobalSection(SolutionConfigurationPlatforms) = preSolution
		Debug|Any CPU = Debug|Any CPU
		Release|Any CPU = Release|Any CPU
	EndGlobalSection
	GlobalSection(ProjectConfigurationPlatforms) = postSolution
		{61ECA3BB-3C9F-452F-A3EC-77F4421760A0}.Debug|Any CPU.ActiveCfg = Debug|Any CPU
		{61ECA3BB-3C9F-452F-A3EC-77F4421760A0}.Debug|Any CPU.Build.0 = Debug|Any CPU
		{61ECA3BB-3C9F-452F-A3EC-77F4421760A0}.Release|Any CPU.ActiveCfg = Release|Any CPU
		{61ECA3BB-3C9F-452F-A3EC-77F4421760A0}.Release|Any CPU.Build.0 = Release|Any CPU
	EndGlobalSection
	GlobalSection(SolutionProperties) = preSolution
		HideSolutionNode = FALSE
	EndGlobalSection
	GlobalSection(ExtensibilityGlobals) = postSolution
		SolutionGuid = {760761D0-24F2-4CC0-A6ED-ADADD139EDE5}
	EndGlobalSection
EndGlobal
